{
  "name": "zlowallpaper-admin",
  "version": "1.0.0",
  "lockfileVersion": 3,
  "requires": true,
  "packages": {
    "": {
      "name": "zlowallpaper-admin",
      "version": "1.0.0",
      "devDependencies": {
        "@playwright/cli": "0.1.22",
        "prettier": "3.9.9"
      },
      "engines": {
        "node": ">=22"
      }
    },
    "node_modules/@playwright/cli": {
      "version": "0.1.22",
      "resolved": "https://registry.npmjs.org/@playwright/cli/-/cli-0.1.22.tgz",
      "integrity": "sha512-6WMkQNM4VEzqMkdr/l60X9Cr7i+tI/arK87IWz2K7pB6j8I2ZJ8KN+1JfhJDLnK+SXnab6Op8xGt4adcGLsyfA==",
      "dev": true,
      "license": "Apache-2.0",
      "dependencies": {
        "playwright": "1.64.0-alpha-1790635538000",
        "playwright-core": "1.64.0-alpha-1790635538000"
      },
      "bin": {
        "playwright-cli": "playwright-cli.js"
      },
      "engines": {
        "node": ">=18"
      }
    },
    "node_modules/playwright": {
      "version": "1.64.0-alpha-1790635538000",
      "resolved": "https://registry.npmjs.org/playwright/-/playwright-1.64.0-alpha-1790635538000.tgz",
      "integrity": "sha512-/5XDUMxpOd/9AojJtWDFIRV3EJZNQ0AwvK69wgt3CPzy8wTgiBG9pX45VfxtqtvIRGwfWzMhrvawNKreG69Snw==",
      "dev": true,
      "license": "Apache-2.0",
      "dependencies": {
        "playwright-core": "1.64.0-alpha-1790635538000"
      },
      "bin": {
        "playwright": "cli.js"
      },
      "engines": {
        "node": ">=20"
      }
    },
    "node_modules/playwright-core": {
      "version": "1.64.0-alpha-1790635538000",
      "resolved": "https://registry.npmjs.org/playwright-core/-/playwright-core-1.64.0-alpha-1790635538000.tgz",
      "integrity": "sha512-pNwaXirhXMRLaRQs4NQ18EpTdtDoFwyPH9FOaaDC7YXG4hpwE2xmwCic/1srbuExVQC7zT9LJSJpDBAru+Vo9A==",
      "dev": true,
      "license": "Apache-2.0",
      "bin": {
        "playwright-core": "cli.js"
      },
      "engines": {
        "node": ">=20"
      }
    },
    "node_modules/prettier": {
      "version": "3.9.9",
      "resolved": "https://registry.npmjs.org/prettier/-/prettier-3.9.9.tgz",
      "integrity": "sha512-Z/CJHIkdujO/OtN7nXUii0Rf3VT5SRuhjBA82Xvu2XhBUgX3nhP67T0LHceBdQLex7OOFGTox+Q5Yg8Jk2Qivg==",
      "dev": true,
      "license": "MIT",
      "bin": {
        "prettier": "bin/prettier.cjs"
      },
      "engines": {
        "node": ">=14"
      },
      "funding": {
        "url": "https://github.com/prettier/prettier?sponsor=1"
      }
    }
  }
}
